
Microsoft Visual Studio Solution File, Format Version 12.00
# Visual Studio Version 17
VisualStudioVersion = 17.2.32630.192
MinimumVisualStudioVersion = 10.0.40219.1
Project("{9A19103F-16F7-4668-BE54-9A1E7A4F7556}") = "PyShopTestTask", "src\PyShopTestTask\PyShopTestTask.csproj", "{81B8E347-A125-4BF8-8EB5-52F1628A5670}"
EndProject
Project("{9A19103F-16F7-4668-BE54-9A1E7A4F7556}") = "PyShopTestTask.Tests", "tests\PyShopTestTask.Tests\PyShopTestTask.Tests.csproj", "{862B1B24-5D21-4AEF-BD9A-F5F312342ABC}"
EndProject
Project("{9A19103F-16F7-4668-BE54-9A1E7A4F7556}") = "GrpcService", "src\GrpcService\GrpcService.csproj", "{076DB10A-D097-43F1-8C0A-ED0E72F422DA}"
EndProject
Global
	GlobalSection(SolutionConfigurationPlatforms) = preSolution
		Debug|Any CPU = Debug|Any CPU
		Release|Any CPU = Release|Any CPU
	EndGlobalSection
	GlobalSection(ProjectConfigurationPlatforms) = postSolution
		{81B8E347-A125-4BF8-8EB5-52F1628A5670}.Debug|Any CPU.ActiveCfg = Debug|Any CPU
		{81B8E347-A125-4BF8-8EB5-52F1628A5670}.Debug|Any CPU.Build.0 = Debug|Any CPU
		{81B8E347-A125-4BF8-8EB5-52F1628A5670}.Release|Any CPU.ActiveCfg = Release|Any CPU
		{81B8E347-A125-4BF8-8EB5-52F1628A5670}.Release|Any CPU.Build.0 = Release|Any CPU
		{862B1B24-5D21-4AEF-BD9A-F5F312342ABC}.Debug|Any CPU.ActiveCfg = Debug|Any CPU
		{862B1B24-5D21-4AEF-BD9A-F5F312342ABC}.Debug|Any CPU.Build.0 = Debug|Any CPU
		{862B1B24-5D21-4AEF-BD9A-F5F312342ABC}.Release|Any CPU.ActiveCfg = Release|Any CPU
		{862B1B24-5D21-4AEF-BD9A-F5F312342ABC}.Release|Any CPU.Build.0 = Release|Any CPU
		{076DB10A-D097-43F1-8C0A-ED0E72F422DA}.Debug|Any CPU.ActiveCfg = Debug|Any CPU
		{076DB10A-D097-43F1-8C0A-ED0E72F422DA}.Debug|Any CPU.Build.0 = Debug|Any CPU
		{076DB10A-D097-43F1-8C0A-ED0E72F422DA}.Release|Any CPU.ActiveCfg = Release|Any CPU
		{076DB10A-D097-43F1-8C0A-ED0E72F422DA}.Release|Any CPU.Build.0 = Release|Any CPU
	EndGlobalSection
	GlobalSection(SolutionProperties) = preSolution
		HideSolutionNode = FALSE
	EndGlobalSection
	GlobalSection(ExtensibilityGlobals) = postSolution
		SolutionGuid = {BA564AC0-C371-4FAF-8683-FC7291D1067C}
	EndGlobalSection
EndGlobal
